
Microsoft Visual Studio Solution File, Format Version 12.00
# Visual Studio Version 16
VisualStudioVersion = 16.0.31702.278
MinimumVisualStudioVersion = 10.0.40219.1
Project("{FAE04EC0-301F-11D3-BF4B-00C04F79EFBC}") = "gyak4", "gyak4\gyak4.csproj", "{200C1EE6-AD42-4CE0-8CB0-146A990767E6}"
EndProject
Global
	GlobalSection(SolutionConfigurationPlatforms) = preSolution
		Debug|Any CPU = Debug|Any CPU
		Release|Any CPU = Release|Any CPU
	EndGlobalSection
	GlobalSection(ProjectConfigurationPlatforms) = postSolution
		{200C1EE6-AD42-4CE0-8CB0-146A990767E6}.Debug|Any CPU.ActiveCfg = Debug|Any CPU
		{200C1EE6-AD42-4CE0-8CB0-146A990767E6}.Debug|Any CPU.Build.0 = Debug|Any CPU
		{200C1EE6-AD42-4CE0-8CB0-146A990767E6}.Release|Any CPU.ActiveCfg = Release|Any CPU
		{200C1EE6-AD42-4CE0-8CB0-146A990767E6}.Release|Any CPU.Build.0 = Release|Any CPU
	EndGlobalSection
	GlobalSection(SolutionProperties) = preSolution
		HideSolutionNode = FALSE
	EndGlobalSection
	GlobalSection(ExtensibilityGlobals) = postSolution
		SolutionGuid = {09F36811-7DA5-4780-9B14-C86732174CF5}
	EndGlobalSection
EndGlobal
