
Microsoft Visual Studio Solution File, Format Version 12.00
# Visual Studio Version 16
VisualStudioVersion = 16.0.31702.278
MinimumVisualStudioVersion = 10.0.40219.1
Project("{FAE04EC0-301F-11D3-BF4B-00C04F79EFBC}") = "gyak_4", "gyak_4\gyak_4.csproj", "{4B2AAD3D-E74C-4DEB-8330-FE06C6B48508}"
EndProject
Global
	GlobalSection(SolutionConfigurationPlatforms) = preSolution
		Debug|Any CPU = Debug|Any CPU
		Release|Any CPU = Release|Any CPU
	EndGlobalSection
	GlobalSection(ProjectConfigurationPlatforms) = postSolution
		{4B2AAD3D-E74C-4DEB-8330-FE06C6B48508}.Debug|Any CPU.ActiveCfg = Debug|Any CPU
		{4B2AAD3D-E74C-4DEB-8330-FE06C6B48508}.Debug|Any CPU.Build.0 = Debug|Any CPU
		{4B2AAD3D-E74C-4DEB-8330-FE06C6B48508}.Release|Any CPU.ActiveCfg = Release|Any CPU
		{4B2AAD3D-E74C-4DEB-8330-FE06C6B48508}.Release|Any CPU.Build.0 = Release|Any CPU
	EndGlobalSection
	GlobalSection(SolutionProperties) = preSolution
		HideSolutionNode = FALSE
	EndGlobalSection
	GlobalSection(ExtensibilityGlobals) = postSolution
		SolutionGuid = {D8AA3A09-81CE-43D7-9F19-D079777B8426}
	EndGlobalSection
EndGlobal
