
Microsoft Visual Studio Solution File, Format Version 12.00
# Visual Studio Version 16
VisualStudioVersion = 16.0.31702.278
MinimumVisualStudioVersion = 10.0.40219.1
Project("{FAE04EC0-301F-11D3-BF4B-00C04F79EFBC}") = "WindowsFormsApp1", "WindowsFormsApp1\WindowsFormsApp1.csproj", "{0814B96A-B168-4EE5-A26D-5080A34257A0}"
EndProject
Global
	GlobalSection(SolutionConfigurationPlatforms) = preSolution
		Debug|Any CPU = Debug|Any CPU
		Release|Any CPU = Release|Any CPU
	EndGlobalSection
	GlobalSection(ProjectConfigurationPlatforms) = postSolution
		{0814B96A-B168-4EE5-A26D-5080A34257A0}.Debug|Any CPU.ActiveCfg = Debug|Any CPU
		{0814B96A-B168-4EE5-A26D-5080A34257A0}.Debug|Any CPU.Build.0 = Debug|Any CPU
		{0814B96A-B168-4EE5-A26D-5080A34257A0}.Release|Any CPU.ActiveCfg = Release|Any CPU
		{0814B96A-B168-4EE5-A26D-5080A34257A0}.Release|Any CPU.Build.0 = Release|Any CPU
	EndGlobalSection
	GlobalSection(SolutionProperties) = preSolution
		HideSolutionNode = FALSE
	EndGlobalSection
	GlobalSection(ExtensibilityGlobals) = postSolution
		SolutionGuid = {0FD6306A-C2DF-462F-8E66-FB5D25FE44C2}
	EndGlobalSection
EndGlobal
